{
  "name": "demo-app",
  "version": "0.0.0",
  "lockfileVersion": 1,
  "requires": true,
  "dependencies": {
    "@angular/platform-browser": {
      "version": "7.2.7",
      "resolved": "https://registry.npmjs.org/@angular/platform-browser/-/platform-browser-7.2.7.tgz",
      "integrity": "sha512-9C3ffZs0ZUw+dYg1oJKiONf64UKTdAzIOaTQXTrVrCa3oN7Jb2tUfmpenmB+ATRxwhL2n7Yi725YWwxY2FwqvQ==",
      "requires": {
        "tslib": "1.9.3"
      },
      "dependencies": {
        "tslib": {
          "version": "1.9.3",
          "resolved": "https://registry.npmjs.org/tslib/-/tslib-1.9.3.tgz",
          "integrity": "sha512-4krF8scpejhaOgqzBEcGM7yDIEfi0/8+8zDRZhNZZ2kjmHJ4hv3zCbQWxoJGz1iw5U0Jl0nma13xzHXcncMavQ=="
        }
      }
    },
    "@angular/platform-browser-dynamic": {
      "version": "7.2.7",
      "resolved": "https://registry.npmjs.org/@angular/platform-browser-dynamic/-/platform-browser-dynamic-7.2.7.tgz",
      "integrity": "sha512-3nlcwCZOzlKw/4CMJ4zy1JEVy8Ky4KyLRRePLledOMdsGbuDIoq/kyAnBzg295Xe9ovBxv8cmuSkShci+s/x8g==",
      "requires": {
        "tslib": "1.9.3"
      },
      "dependencies": {
        "tslib": {
          "version": "1.9.3",
          "resolved": "https://registry.npmjs.org/tslib/-/tslib-1.9.3.tgz",
          "integrity": "sha512-4krF8scpejhaOgqzBEcGM7yDIEfi0/8+8zDRZhNZZ2kjmHJ4hv3zCbQWxoJGz1iw5U0Jl0nma13xzHXcncMavQ=="
        }
      }
    },
    "zone.js": {
      "version": "0.8.29",
      "resolved": "https://registry.npmjs.org/zone.js/-/zone.js-0.8.29.tgz",
      "integrity": "sha512-mla2acNCMkWXBD+c+yeUrBUrzOxYMNFdQ6FGfigGGtEVBPJx07BQeJekjt9DmH1FtZek4E9rE1eRR9qQpxACOQ=="
    }
  }
}
